// !$*UTF8*$!
{
	archiveVersion = 1;
	classes = {
	};
	objectVersion = 56;
	objects = {

/* Begin PBXBuildFile section */
		8C90B6E4292E2E5400D1492A /* AppDelegate.swift in Sources */ = {isa = PBXBuildFile; fileRef = 8C90B6E3292E2E5400D1492A /* AppDelegate.swift */; };
		8C90B6E6292E2E5400D1492A /* SceneDelegate.swift in Sources */ = {isa = PBXBuildFile; fileRef = 8C90B6E5292E2E5400D1492A /* SceneDelegate.swift */; };
		8C90B6EB292E2E5400D1492A /* Main.storyboard in Resources */ = {isa = PBXBuildFile; fileRef = 8C90B6E9292E2E5400D1492A /* Main.storyboard */; };
		8C90B6ED292E2E5900D1492A /* Assets.xcassets in Resources */ = {isa = PBXBuildFile; fileRef = 8C90B6EC292E2E5900D1492A /* Assets.xcassets */; };
		8C90B6F0292E2E5900D1492A /* LaunchScreen.storyboard in Resources */ = {isa = PBXBuildFile; fileRef = 8C90B6EE292E2E5900D1492A /* LaunchScreen.storyboard */; };
		8C90B6F8292E46A700D1492A /* ColoursTableViewController.swift in Sources */ = {isa = PBXBuildFile; fileRef = 8C90B6F7292E46A700D1492A /* ColoursTableViewController.swift */; };
		8C90B6FA292E5BCC00D1492A /* ColoursDetailViewController.swift in Sources */ = {isa = PBXBuildFile; fileRef = 8C90B6F9292E5BCC00D1492A /* ColoursDetailViewController.swift */; };
		8C90B6FC292E874500D1492A /* ColourExtention.swift in Sources */ = {isa = PBXBuildFile; fileRef = 8C90B6FB292E874500D1492A /* ColourExtention.swift */; };
/* End PBXBuildFile section */

/* Begin PBXFileReference section */
		8C90B6E0292E2E5400D1492A /* RandomColours.app */ = {isa = PBXFileReference; explicitFileType = wrapper.application; includeInIndex = 0; path = RandomColours.app; sourceTree = BUILT_PRODUCTS_DIR; };
		8C90B6E3292E2E5400D1492A /* AppDelegate.swift */ = {isa = PBXFileReference; lastKnownFileType = sourcecode.swift; path = AppDelegate.swift; sourceTree = "<group>"; };
		8C90B6E5292E2E5400D1492A /* SceneDelegate.swift */ = {isa = PBXFileReference; lastKnownFileType = sourcecode.swift; path = SceneDelegate.swift; sourceTree = "<group>"; };
		8C90B6EA292E2E5400D1492A /* Base */ = {isa = PBXFileReference; lastKnownFileType = file.storyboard; name = Base; path = Base.lproj/Main.storyboard; sourceTree = "<group>"; };
		8C90B6EC292E2E5900D1492A /* Assets.xcassets */ = {isa = PBXFileReference; lastKnownFileType = folder.assetcatalog; path = Assets.xcassets; sourceTree = "<group>"; };
		8C90B6EF292E2E5900D1492A /* Base */ = {isa = PBXFileReference; lastKnownFileType = file.storyboard; name = Base; path = Base.lproj/LaunchScreen.storyboard; sourceTree = "<group>"; };
		8C90B6F1292E2E5900D1492A /* Info.plist */ = {isa = PBXFileReference; lastKnownFileType = text.plist.xml; path = Info.plist; sourceTree = "<group>"; };
		8C90B6F7292E46A700D1492A /* ColoursTableViewController.swift */ = {isa = PBXFileReference; lastKnownFileType = sourcecode.swift; path = ColoursTableViewController.swift; sourceTree = "<group>"; };
		8C90B6F9292E5BCC00D1492A /* ColoursDetailViewController.swift */ = {isa = PBXFileReference; lastKnownFileType = sourcecode.swift; path = ColoursDetailViewController.swift; sourceTree = "<group>"; };
		8C90B6FB292E874500D1492A /* ColourExtention.swift */ = {isa = PBXFileReference; lastKnownFileType = sourcecode.swift; path = ColourExtention.swift; sourceTree = "<group>"; };
/* End PBXFileReference section */

/* Begin PBXFrameworksBuildPhase section */
		8C90B6DD292E2E5400D1492A /* Frameworks */ = {
			isa = PBXFrameworksBuildPhase;
			buildActionMask = 2147483647;
			files = (
			);
			runOnlyForDeploymentPostprocessing = 0;
		};
/* End PBXFrameworksBuildPhase section */

/* Begin PBXGroup section */
		8C90B6D7292E2E5400D1492A = {
			isa = PBXGroup;
			children = (
				8C90B6E2292E2E5400D1492A /* RandomColours */,
				8C90B6E1292E2E5400D1492A /* Products */,
			);
			sourceTree = "<group>";
		};
		8C90B6E1292E2E5400D1492A /* Products */ = {
			isa = PBXGroup;
			children = (
				8C90B6E0292E2E5400D1492A /* RandomColours.app */,
			);
			name = Products;
			sourceTree = "<group>";
		};
		8C90B6E2292E2E5400D1492A /* RandomColours */ = {
			isa = PBXGroup;
			children = (
				8C90B6E3292E2E5400D1492A /* AppDelegate.swift */,
				8C90B6E5292E2E5400D1492A /* SceneDelegate.swift */,
				8C90B6F7292E46A700D1492A /* ColoursTableViewController.swift */,
				8C90B6F9292E5BCC00D1492A /* ColoursDetailViewController.swift */,
				8C90B6FB292E874500D1492A /* ColourExtention.swift */,
				8C90B6E9292E2E5400D1492A /* Main.storyboard */,
				8C90B6EC292E2E5900D1492A /* Assets.xcassets */,
				8C90B6EE292E2E5900D1492A /* LaunchScreen.storyboard */,
				8C90B6F1292E2E5900D1492A /* Info.plist */,
			);
			path = RandomColours;
			sourceTree = "<group>";
		};
/* End PBXGroup section */

/* Begin PBXNativeTarget section */
		8C90B6DF292E2E5400D1492A /* RandomColours */ = {
			isa = PBXNativeTarget;
			buildConfigurationList = 8C90B6F4292E2E5900D1492A /* Build configuration list for PBXNativeTarget "RandomColours" */;
			buildPhases = (
				8C90B6DC292E2E5400D1492A /* Sources */,
				8C90B6DD292E2E5400D1492A /* Frameworks */,
				8C90B6DE292E2E5400D1492A /* Resources */,
			);
			buildRules = (
			);
			dependencies = (
			);
			name = RandomColours;
			productName = RandomColours;
			productReference = 8C90B6E0292E2E5400D1492A /* RandomColours.app */;
			productType = "com.apple.product-type.application";
		};
/* End PBXNativeTarget section */

/* Begin PBXProject section */
		8C90B6D8292E2E5400D1492A /* Project object */ = {
			isa = PBXProject;
			attributes = {
				BuildIndependentTargetsInParallel = 1;
				LastSwiftUpdateCheck = 1400;
				LastUpgradeCheck = 1400;
				TargetAttributes = {
					8C90B6DF292E2E5400D1492A = {
						CreatedOnToolsVersion = 14.0;
					};
				};
			};
			buildConfigurationList = 8C90B6DB292E2E5400D1492A /* Build configuration list for PBXProject "RandomColours" */;
			compatibilityVersion = "Xcode 14.0";
			developmentRegion = en;
			hasScannedForEncodings = 0;
			knownRegions = (
				en,
				Base,
			);
			mainGroup = 8C90B6D7292E2E5400D1492A;
			productRefGroup = 8C90B6E1292E2E5400D1492A /* Products */;
			projectDirPath = "";
			projectRoot = "";
			targets = (
				8C90B6DF292E2E5400D1492A /* RandomColours */,
			);
		};
/* End PBXProject section */

/* Begin PBXResourcesBuildPhase section */
		8C90B6DE292E2E5400D1492A /* Resources */ = {
			isa = PBXResourcesBuildPhase;
			buildActionMask = 2147483647;
			files = (
				8C90B6F0292E2E5900D1492A /* LaunchScreen.storyboard in Resources */,
				8C90B6ED292E2E5900D1492A /* Assets.xcassets in Resources */,
				8C90B6EB292E2E5400D1492A /* Main.storyboard in Resources */,
			);
			runOnlyForDeploymentPostprocessing = 0;
		};
/* End PBXResourcesBuildPhase section */

/* Begin PBXSourcesBuildPhase section */
		8C90B6DC292E2E5400D1492A /* Sources */ = {
			isa = PBXSourcesBuildPhase;
			buildActionMask = 2147483647;
			files = (
				8C90B6F8292E46A700D1492A /* ColoursTableViewController.swift in Sources */,
				8C90B6FC292E874500D1492A /* ColourExtention.swift in Sources */,
				8C90B6E4292E2E5400D1492A /* AppDelegate.swift in Sources */,
				8C90B6E6292E2E5400D1492A /* SceneDelegate.swift in Sources */,
				8C90B6FA292E5BCC00D1492A /* ColoursDetailViewController.swift in Sources */,
			);
			runOnlyForDeploymentPostprocessing = 0;
		};
/* End PBXSourcesBuildPhase section */

/* Begin PBXVariantGroup section */
		8C90B6E9292E2E5400D1492A /* Main.storyboard */ = {
			isa = PBXVariantGroup;
			children = (
				8C90B6EA292E2E5400D1492A /* Base */,
			);
			name = Main.storyboard;
			sourceTree = "<group>";
		};
		8C90B6EE292E2E5900D1492A /* LaunchScreen.storyboard */ = {
			isa = PBXVariantGroup;
			children = (
				8C90B6EF292E2E5900D1492A /* Base */,
			);
			name = LaunchScreen.storyboard;
			sourceTree = "<group>";
		};
/* End PBXVariantGroup section */

/* Begin XCBuildConfiguration section */
		8C90B6F2292E2E5900D1492A /* Debug */ = {
			isa = XCBuildConfiguration;
			buildSettings = {
				ALWAYS_SEARCH_USER_PATHS = NO;
				CLANG_ANALYZER_NONNULL = YES;
				CLANG_ANALYZER_NUMBER_OBJECT_CONVERSION = YES_AGGRESSIVE;
				CLANG_CXX_LANGUAGE_STANDARD = "gnu++20";
				CLANG_ENABLE_MODULES = YES;
				CLANG_ENABLE_OBJC_ARC = YES;
				CLANG_ENABLE_OBJC_WEAK = YES;
				CLANG_WARN_BLOCK_CAPTURE_AUTORELEASING = YES;
				CLANG_WARN_BOOL_CONVERSION = YES;
				CLANG_WARN_COMMA = YES;
				CLANG_WARN_CONSTANT_CONVERSION = YES;
				CLANG_WARN_DEPRECATED_OBJC_IMPLEMENTATIONS = YES;
				CLANG_WARN_DIRECT_OBJC_ISA_USAGE = YES_ERROR;
				CLANG_WARN_DOCUMENTATION_COMMENTS = YES;
				CLANG_WARN_EMPTY_BODY = YES;
				CLANG_WARN_ENUM_CONVERSION = YES;
				CLANG_WARN_INFINITE_RECURSION = YES;
				CLANG_WARN_INT_CONVERSION = YES;
				CLANG_WARN_NON_LITERAL_NULL_CONVERSION = YES;
				CLANG_WARN_OBJC_IMPLICIT_RETAIN_SELF = YES;
				CLANG_WARN_OBJC_LITERAL_CONVERSION = YES;
				CLANG_WARN_OBJC_ROOT_CLASS = YES_ERROR;
				CLANG_WARN_QUOTED_INCLUDE_IN_FRAMEWORK_HEADER = YES;
				CLANG_WARN_RANGE_LOOP_ANALYSIS = YES;
				CLANG_WARN_STRICT_PROTOTYPES = YES;
				CLANG_WARN_SUSPICIOUS_MOVE = YES;
				CLANG_WARN_UNGUARDED_AVAILABILITY = YES_AGGRESSIVE;
				CLANG_WARN_UNREACHABLE_CODE = YES;
				CLANG_WARN__DUPLICATE_METHOD_MATCH = YES;
				COPY_PHASE_STRIP = NO;
				DEBUG_INFORMATION_FORMAT = dwarf;
				ENABLE_STRICT_OBJC_MSGSEND = YES;
				ENABLE_TESTABILITY = YES;
				GCC_C_LANGUAGE_STANDARD = gnu11;
				GCC_DYNAMIC_NO_PIC = NO;
				GCC_NO_COMMON_BLOCKS = YES;
				GCC_OPTIMIZATION_LEVEL = 0;
				GCC_PREPROCESSOR_DEFINITIONS = (
					"DEBUG=1",
					"$(inherited)",
				);
				GCC_WARN_64_TO_32_BIT_CONVERSION = YES;
				GCC_WARN_ABOUT_RETURN_TYPE = YES_ERROR;
				GCC_WARN_UNDECLARED_SELECTOR = YES;
				GCC_WARN_UNINITIALIZED_AUTOS = YES_AGGRESSIVE;
				GCC_WARN_UNUSED_FUNCTION = YES;
				GCC_WARN_UNUSED_VARIABLE = YES;
				IPHONEOS_DEPLOYMENT_TARGET = 16.0;
				MTL_ENABLE_DEBUG_INFO = INCLUDE_SOURCE;
				MTL_FAST_MATH = YES;
				ONLY_ACTIVE_ARCH = YES;
				SDKROOT = iphoneos;
				SWIFT_ACTIVE_COMPILATION_CONDITIONS = DEBUG;
				SWIFT_OPTIMIZATION_LEVEL = "-Onone";
			};
			name = Debug;
		};
		8C90B6F3292E2E5900D1492A /* Release */ = {
			isa = XCBuildConfiguration;
			buildSettings = {
				ALWAYS_SEARCH_USER_PATHS = NO;
				CLANG_ANALYZER_NONNULL = YES;
				CLANG_ANALYZER_NUMBER_OBJECT_CONVERSION = YES_AGGRESSIVE;
				CLANG_CXX_LANGUAGE_STANDARD = "gnu++20";
				CLANG_ENABLE_MODULES = YES;
				CLANG_ENABLE_OBJC_ARC = YES;
				CLANG_ENABLE_OBJC_WEAK = YES;
				CLANG_WARN_BLOCK_CAPTURE_AUTORELEASING = YES;
				CLANG_WARN_BOOL_CONVERSION = YES;
				CLANG_WARN_COMMA = YES;
				CLANG_WARN_CONSTANT_CONVERSION = YES;
				CLANG_WARN_DEPRECATED_OBJC_IMPLEMENTATIONS = YES;
				CLANG_WARN_DIRECT_OBJC_ISA_USAGE = YES_ERROR;
				CLANG_WARN_DOCUMENTATION_COMMENTS = YES;
				CLANG_WARN_EMPTY_BODY = YES;
				CLANG_WARN_ENUM_CONVERSION = YES;
				CLANG_WARN_INFINITE_RECURSION = YES;
				CLANG_WARN_INT_CONVERSION = YES;
				CLANG_WARN_NON_LITERAL_NULL_CONVERSION = YES;
				CLANG_WARN_OBJC_IMPLICIT_RETAIN_SELF = YES;
				CLANG_WARN_OBJC_LITERAL_CONVERSION = YES;
				CLANG_WARN_OBJC_ROOT_CLASS = YES_ERROR;
				CLANG_WARN_QUOTED_INCLUDE_IN_FRAMEWORK_HEADER = YES;
				CLANG_WARN_RANGE_LOOP_ANALYSIS = YES;
				CLANG_WARN_STRICT_PROTOTYPES = YES;
				CLANG_WARN_SUSPICIOUS_MOVE = YES;
				CLANG_WARN_UNGUARDED_AVAILABILITY = YES_AGGRESSIVE;
				CLANG_WARN_UNREACHABLE_CODE = YES;
				CLANG_WARN__DUPLICATE_METHOD_MATCH = YES;
				COPY_PHASE_STRIP = NO;
				DEBUG_INFORMATION_FORMAT = "dwarf-with-dsym";
				ENABLE_NS_ASSERTIONS = NO;
				ENABLE_STRICT_OBJC_MSGSEND = YES;
				GCC_C_LANGUAGE_STANDARD = gnu11;
				GCC_NO_COMMON_BLOCKS = YES;
				GCC_WARN_64_TO_32_BIT_CONVERSION = YES;
				GCC_WARN_ABOUT_RETURN_TYPE = YES_ERROR;
				GCC_WARN_UNDECLARED_SELECTOR = YES;
				GCC_WARN_UNINITIALIZED_AUTOS = YES_AGGRESSIVE;
				GCC_WARN_UNUSED_FUNCTION = YES;
				GCC_WARN_UNUSED_VARIABLE = YES;
				IPHONEOS_DEPLOYMENT_TARGET = 16.0;
				MTL_ENABLE_DEBUG_INFO = NO;
				MTL_FAST_MATH = YES;
				SDKROOT = iphoneos;
				SWIFT_COMPILATION_MODE = wholemodule;
				SWIFT_OPTIMIZATION_LEVEL = "-O";
				VALIDATE_PRODUCT = YES;
			};
			name = Release;
		};
		8C90B6F5292E2E5900D1492A /* Debug */ = {
			isa = XCBuildConfiguration;
			buildSettings = {
				ASSETCATALOG_COMPILER_APPICON_NAME = AppIcon;
				ASSETCATALOG_COMPILER_GLOBAL_ACCENT_COLOR_NAME = AccentColor;
				CODE_SIGN_STYLE = Automatic;
				CURRENT_PROJECT_VERSION = 1;
				GENERATE_INFOPLIST_FILE = YES;
				INFOPLIST_FILE = RandomColours/Info.plist;
				INFOPLIST_KEY_UIApplicationSupportsIndirectInputEvents = YES;
				INFOPLIST_KEY_UILaunchStoryboardName = LaunchScreen;
				INFOPLIST_KEY_UIMainStoryboardFile = Main;
				INFOPLIST_KEY_UISupportedInterfaceOrientations_iPad = "UIInterfaceOrientationPortrait UIInterfaceOrientationPortraitUpsideDown UIInterfaceOrientationLandscapeLeft UIInterfaceOrientationLandscapeRight";
				INFOPLIST_KEY_UISupportedInterfaceOrientations_iPhone = "UIInterfaceOrientationPortrait UIInterfaceOrientationLandscapeLeft UIInterfaceOrientationLandscapeRight";
				LD_RUNPATH_SEARCH_PATHS = (
					"$(inherited)",
					"@executable_path/Frameworks",
				);
				MARKETING_VERSION = 1.0;
				PRODUCT_BUNDLE_IDENTIFIER = com.elizabethnikolova.RandomColours;
				PRODUCT_NAME = "$(TARGET_NAME)";
				SWIFT_EMIT_LOC_STRINGS = YES;
				SWIFT_VERSION = 5.0;
				TARGETED_DEVICE_FAMILY = "1,2";
			};
			name = Debug;
		};
		8C90B6F6292E2E5900D1492A /* Release */ = {
			isa = XCBuildConfiguration;
			buildSettings = {
				ASSETCATALOG_COMPILER_APPICON_NAME = AppIcon;
				ASSETCATALOG_COMPILER_GLOBAL_ACCENT_COLOR_NAME = AccentColor;
				CODE_SIGN_STYLE = Automatic;
				CURRENT_PROJECT_VERSION = 1;
				GENERATE_INFOPLIST_FILE = YES;
				INFOPLIST_FILE = RandomColours/Info.plist;
				INFOPLIST_KEY_UIApplicationSupportsIndirectInputEvents = YES;
				INFOPLIST_KEY_UILaunchStoryboardName = LaunchScreen;
				INFOPLIST_KEY_UIMainStoryboardFile = Main;
				INFOPLIST_KEY_UISupportedInterfaceOrientations_iPad = "UIInterfaceOrientationPortrait UIInterfaceOrientationPortraitUpsideDown UIInterfaceOrientationLandscapeLeft UIInterfaceOrientationLandscapeRight";
				INFOPLIST_KEY_UISupportedInterfaceOrientations_iPhone = "UIInterfaceOrientationPortrait UIInterfaceOrientationLandscapeLeft UIInterfaceOrientationLandscapeRight";
				LD_RUNPATH_SEARCH_PATHS = (
					"$(inherited)",
					"@executable_path/Frameworks",
				);
				MARKETING_VERSION = 1.0;
				PRODUCT_BUNDLE_IDENTIFIER = com.elizabethnikolova.RandomColours;
				PRODUCT_NAME = "$(TARGET_NAME)";
				SWIFT_EMIT_LOC_STRINGS = YES;
				SWIFT_VERSION = 5.0;
				TARGETED_DEVICE_FAMILY = "1,2";
			};
			name = Release;
		};
/* End XCBuildConfiguration section */

/* Begin XCConfigurationList section */
		8C90B6DB292E2E5400D1492A /* Build configuration list for PBXProject "RandomColours" */ = {
			isa = XCConfigurationList;
			buildConfigurations = (
				8C90B6F2292E2E5900D1492A /* Debug */,
				8C90B6F3292E2E5900D1492A /* Release */,
			);
			defaultConfigurationIsVisible = 0;
			defaultConfigurationName = Release;
		};
		8C90B6F4292E2E5900D1492A /* Build configuration list for PBXNativeTarget "RandomColours" */ = {
			isa = XCConfigurationList;
			buildConfigurations = (
				8C90B6F5292E2E5900D1492A /* Debug */,
				8C90B6F6292E2E5900D1492A /* Release */,
			);
			defaultConfigurationIsVisible = 0;
			defaultConfigurationName = Release;
		};
/* End XCConfigurationList section */
	};
	rootObject = 8C90B6D8292E2E5400D1492A /* Project object */;
}
